
Microsoft Visual Studio Solution File, Format Version 12.00
# Visual Studio Version 16
VisualStudioVersion = 16.0.28721.148
MinimumVisualStudioVersion = 10.0.40219.1
Project("{FAE04EC0-301F-11D3-BF4B-00C04F79EFBC}") = "CelciusKelvin", "CelciusKelvin.csproj", "{5458439A-BE30-4C43-8B86-B1CEB0CA76FD}"
EndProject
Global
	GlobalSection(SolutionConfigurationPlatforms) = preSolution
		Debug|Any CPU = Debug|Any CPU
		Release|Any CPU = Release|Any CPU
	EndGlobalSection
	GlobalSection(ProjectConfigurationPlatforms) = postSolution
		{5458439A-BE30-4C43-8B86-B1CEB0CA76FD}.Debug|Any CPU.ActiveCfg = Debug|Any CPU
		{5458439A-BE30-4C43-8B86-B1CEB0CA76FD}.Debug|Any CPU.Build.0 = Debug|Any CPU
		{5458439A-BE30-4C43-8B86-B1CEB0CA76FD}.Release|Any CPU.ActiveCfg = Release|Any CPU
		{5458439A-BE30-4C43-8B86-B1CEB0CA76FD}.Release|Any CPU.Build.0 = Release|Any CPU
	EndGlobalSection
	GlobalSection(SolutionProperties) = preSolution
		HideSolutionNode = FALSE
	EndGlobalSection
	GlobalSection(ExtensibilityGlobals) = postSolution
		SolutionGuid = {812A8B47-E828-4AD8-879E-01A3DE5F1381}
	EndGlobalSection
EndGlobal
